// !$*UTF8*$!
{
	archiveVersion = 1;
	classes = {
	};
	objectVersion = 46;
	objects = {

/* Begin PBXBuildFile section */
		D00DFA741AA590970090FD50 /* AppDelegate.swift in Sources */ = {isa = PBXBuildFile; fileRef = D00DFA731AA590970090FD50 /* AppDelegate.swift */; };
		D00DFA771AA590970090FD50 /* AnxaGit.xcdatamodeld in Sources */ = {isa = PBXBuildFile; fileRef = D00DFA751AA590970090FD50 /* AnxaGit.xcdatamodeld */; };
		D00DFA791AA590970090FD50 /* ViewController.swift in Sources */ = {isa = PBXBuildFile; fileRef = D00DFA781AA590970090FD50 /* ViewController.swift */; };
		D00DFA7C1AA590970090FD50 /* Main.storyboard in Resources */ = {isa = PBXBuildFile; fileRef = D00DFA7A1AA590970090FD50 /* Main.storyboard */; };
		D00DFA7E1AA590970090FD50 /* Images.xcassets in Resources */ = {isa = PBXBuildFile; fileRef = D00DFA7D1AA590970090FD50 /* Images.xcassets */; };
		D00DFA811AA590970090FD50 /* LaunchScreen.xib in Resources */ = {isa = PBXBuildFile; fileRef = D00DFA7F1AA590970090FD50 /* LaunchScreen.xib */; };
		D00DFA8D1AA590970090FD50 /* AnxaGitTests.swift in Sources */ = {isa = PBXBuildFile; fileRef = D00DFA8C1AA590970090FD50 /* AnxaGitTests.swift */; };
/* End PBXBuildFile section */

/* Begin PBXContainerItemProxy section */
		D00DFA871AA590970090FD50 /* PBXContainerItemProxy */ = {
			isa = PBXContainerItemProxy;
			containerPortal = D00DFA661AA590970090FD50 /* Project object */;
			proxyType = 1;
			remoteGlobalIDString = D00DFA6D1AA590970090FD50;
			remoteInfo = AnxaGit;
		};
/* End PBXContainerItemProxy section */

/* Begin PBXFileReference section */
		D00DFA6E1AA590970090FD50 /* AnxaGit.app */ = {isa = PBXFileReference; explicitFileType = wrapper.application; includeInIndex = 0; path = AnxaGit.app; sourceTree = BUILT_PRODUCTS_DIR; };
		D00DFA721AA590970090FD50 /* Info.plist */ = {isa = PBXFileReference; lastKnownFileType = text.plist.xml; path = Info.plist; sourceTree = "<group>"; };
		D00DFA731AA590970090FD50 /* AppDelegate.swift */ = {isa = PBXFileReference; lastKnownFileType = sourcecode.swift; path = AppDelegate.swift; sourceTree = "<group>"; };
		D00DFA761AA590970090FD50 /* AnxaGit.xcdatamodel */ = {isa = PBXFileReference; lastKnownFileType = wrapper.xcdatamodel; path = AnxaGit.xcdatamodel; sourceTree = "<group>"; };
		D00DFA781AA590970090FD50 /* ViewController.swift */ = {isa = PBXFileReference; lastKnownFileType = sourcecode.swift; path = ViewController.swift; sourceTree = "<group>"; };
		D00DFA7B1AA590970090FD50 /* Base */ = {isa = PBXFileReference; lastKnownFileType = file.storyboard; name = Base; path = Base.lproj/Main.storyboard; sourceTree = "<group>"; };
		D00DFA7D1AA590970090FD50 /* Images.xcassets */ = {isa = PBXFileReference; lastKnownFileType = folder.assetcatalog; path = Images.xcassets; sourceTree = "<group>"; };
		D00DFA801AA590970090FD50 /* Base */ = {isa = PBXFileReference; lastKnownFileType = file.xib; name = Base; path = Base.lproj/LaunchScreen.xib; sourceTree = "<group>"; };
		D00DFA861AA590970090FD50 /* AnxaGitTests.xctest */ = {isa = PBXFileReference; explicitFileType = wrapper.cfbundle; includeInIndex = 0; path = AnxaGitTests.xctest; sourceTree = BUILT_PRODUCTS_DIR; };
		D00DFA8B1AA590970090FD50 /* Info.plist */ = {isa = PBXFileReference; lastKnownFileType = text.plist.xml; path = Info.plist; sourceTree = "<group>"; };
		D00DFA8C1AA590970090FD50 /* AnxaGitTests.swift */ = {isa = PBXFileReference; lastKnownFileType = sourcecode.swift; path = AnxaGitTests.swift; sourceTree = "<group>"; };
/* End PBXFileReference section */

/* Begin PBXFrameworksBuildPhase section */
		D00DFA6B1AA590970090FD50 /* Frameworks */ = {
			isa = PBXFrameworksBuildPhase;
			buildActionMask = 2147483647;
			files = (
			);
			runOnlyForDeploymentPostprocessing = 0;
		};
		D00DFA831AA590970090FD50 /* Frameworks */ = {
			isa = PBXFrameworksBuildPhase;
			buildActionMask = 2147483647;
			files = (
			);
			runOnlyForDeploymentPostprocessing = 0;
		};
/* End PBXFrameworksBuildPhase section */

/* Begin PBXGroup section */
		D00DFA651AA590970090FD50 = {
			isa = PBXGroup;
			children = (
				D00DFA701AA590970090FD50 /* AnxaGit */,
				D00DFA891AA590970090FD50 /* AnxaGitTests */,
				D00DFA6F1AA590970090FD50 /* Products */,
			);
			sourceTree = "<group>";
		};
		D00DFA6F1AA590970090FD50 /* Products */ = {
			isa = PBXGroup;
			children = (
				D00DFA6E1AA590970090FD50 /* AnxaGit.app */,
				D00DFA861AA590970090FD50 /* AnxaGitTests.xctest */,
			);
			name = Products;
			sourceTree = "<group>";
		};
		D00DFA701AA590970090FD50 /* AnxaGit */ = {
			isa = PBXGroup;
			children = (
				D00DFA731AA590970090FD50 /* AppDelegate.swift */,
				D00DFA781AA590970090FD50 /* ViewController.swift */,
				D00DFA7A1AA590970090FD50 /* Main.storyboard */,
				D00DFA7D1AA590970090FD50 /* Images.xcassets */,
				D00DFA7F1AA590970090FD50 /* LaunchScreen.xib */,
				D00DFA751AA590970090FD50 /* AnxaGit.xcdatamodeld */,
				D00DFA711AA590970090FD50 /* Supporting Files */,
			);
			path = AnxaGit;
			sourceTree = "<group>";
		};
		D00DFA711AA590970090FD50 /* Supporting Files */ = {
			isa = PBXGroup;
			children = (
				D00DFA721AA590970090FD50 /* Info.plist */,
			);
			name = "Supporting Files";
			sourceTree = "<group>";
		};
		D00DFA891AA590970090FD50 /* AnxaGitTests */ = {
			isa = PBXGroup;
			children = (
				D00DFA8C1AA590970090FD50 /* AnxaGitTests.swift */,
				D00DFA8A1AA590970090FD50 /* Supporting Files */,
			);
			path = AnxaGitTests;
			sourceTree = "<group>";
		};
		D00DFA8A1AA590970090FD50 /* Supporting Files */ = {
			isa = PBXGroup;
			children = (
				D00DFA8B1AA590970090FD50 /* Info.plist */,
			);
			name = "Supporting Files";
			sourceTree = "<group>";
		};
/* End PBXGroup section */

/* Begin PBXNativeTarget section */
		D00DFA6D1AA590970090FD50 /* AnxaGit */ = {
			isa = PBXNativeTarget;
			buildConfigurationList = D00DFA901AA590970090FD50 /* Build configuration list for PBXNativeTarget "AnxaGit" */;
			buildPhases = (
				D00DFA6A1AA590970090FD50 /* Sources */,
				D00DFA6B1AA590970090FD50 /* Frameworks */,
				D00DFA6C1AA590970090FD50 /* Resources */,
			);
			buildRules = (
			);
			dependencies = (
			);
			name = AnxaGit;
			productName = AnxaGit;
			productReference = D00DFA6E1AA590970090FD50 /* AnxaGit.app */;
			productType = "com.apple.product-type.application";
		};
		D00DFA851AA590970090FD50 /* AnxaGitTests */ = {
			isa = PBXNativeTarget;
			buildConfigurationList = D00DFA931AA590970090FD50 /* Build configuration list for PBXNativeTarget "AnxaGitTests" */;
			buildPhases = (
				D00DFA821AA590970090FD50 /* Sources */,
				D00DFA831AA590970090FD50 /* Frameworks */,
				D00DFA841AA590970090FD50 /* Resources */,
			);
			buildRules = (
			);
			dependencies = (
				D00DFA881AA590970090FD50 /* PBXTargetDependency */,
			);
			name = AnxaGitTests;
			productName = AnxaGitTests;
			productReference = D00DFA861AA590970090FD50 /* AnxaGitTests.xctest */;
			productType = "com.apple.product-type.bundle.unit-test";
		};
/* End PBXNativeTarget section */

/* Begin PBXProject section */
		D00DFA661AA590970090FD50 /* Project object */ = {
			isa = PBXProject;
			attributes = {
				LastUpgradeCheck = 0610;
				ORGANIZATIONNAME = "Anxa Ltd";
				TargetAttributes = {
					D00DFA6D1AA590970090FD50 = {
						CreatedOnToolsVersion = 6.1.1;
					};
					D00DFA851AA590970090FD50 = {
						CreatedOnToolsVersion = 6.1.1;
						TestTargetID = D00DFA6D1AA590970090FD50;
					};
				};
			};
			buildConfigurationList = D00DFA691AA590970090FD50 /* Build configuration list for PBXProject "AnxaGit" */;
			compatibilityVersion = "Xcode 3.2";
			developmentRegion = English;
			hasScannedForEncodings = 0;
			knownRegions = (
				en,
				Base,
			);
			mainGroup = D00DFA651AA590970090FD50;
			productRefGroup = D00DFA6F1AA590970090FD50 /* Products */;
			projectDirPath = "";
			projectRoot = "";
			targets = (
				D00DFA6D1AA590970090FD50 /* AnxaGit */,
				D00DFA851AA590970090FD50 /* AnxaGitTests */,
			);
		};
/* End PBXProject section */

/* Begin PBXResourcesBuildPhase section */
		D00DFA6C1AA590970090FD50 /* Resources */ = {
			isa = PBXResourcesBuildPhase;
			buildActionMask = 2147483647;
			files = (
				D00DFA7C1AA590970090FD50 /* Main.storyboard in Resources */,
				D00DFA811AA590970090FD50 /* LaunchScreen.xib in Resources */,
				D00DFA7E1AA590970090FD50 /* Images.xcassets in Resources */,
			);
			runOnlyForDeploymentPostprocessing = 0;
		};
		D00DFA841AA590970090FD50 /* Resources */ = {
			isa = PBXResourcesBuildPhase;
			buildActionMask = 2147483647;
			files = (
			);
			runOnlyForDeploymentPostprocessing = 0;
		};
/* End PBXResourcesBuildPhase section */

/* Begin PBXSourcesBuildPhase section */
		D00DFA6A1AA590970090FD50 /* Sources */ = {
			isa = PBXSourcesBuildPhase;
			buildActionMask = 2147483647;
			files = (
				D00DFA791AA590970090FD50 /* ViewController.swift in Sources */,
				D00DFA771AA590970090FD50 /* AnxaGit.xcdatamodeld in Sources */,
				D00DFA741AA590970090FD50 /* AppDelegate.swift in Sources */,
			);
			runOnlyForDeploymentPostprocessing = 0;
		};
		D00DFA821AA590970090FD50 /* Sources */ = {
			isa = PBXSourcesBuildPhase;
			buildActionMask = 2147483647;
			files = (
				D00DFA8D1AA590970090FD50 /* AnxaGitTests.swift in Sources */,
			);
			runOnlyForDeploymentPostprocessing = 0;
		};
/* End PBXSourcesBuildPhase section */

/* Begin PBXTargetDependency section */
		D00DFA881AA590970090FD50 /* PBXTargetDependency */ = {
			isa = PBXTargetDependency;
			target = D00DFA6D1AA590970090FD50 /* AnxaGit */;
			targetProxy = D00DFA871AA590970090FD50 /* PBXContainerItemProxy */;
		};
/* End PBXTargetDependency section */

/* Begin PBXVariantGroup section */
		D00DFA7A1AA590970090FD50 /* Main.storyboard */ = {
			isa = PBXVariantGroup;
			children = (
				D00DFA7B1AA590970090FD50 /* Base */,
			);
			name = Main.storyboard;
			sourceTree = "<group>";
		};
		D00DFA7F1AA590970090FD50 /* LaunchScreen.xib */ = {
			isa = PBXVariantGroup;
			children = (
				D00DFA801AA590970090FD50 /* Base */,
			);
			name = LaunchScreen.xib;
			sourceTree = "<group>";
		};
/* End PBXVariantGroup section */

/* Begin XCBuildConfiguration section */
		D00DFA8E1AA590970090FD50 /* Debug */ = {
			isa = XCBuildConfiguration;
			buildSettings = {
				ALWAYS_SEARCH_USER_PATHS = NO;
				CLANG_CXX_LANGUAGE_STANDARD = "gnu++0x";
				CLANG_CXX_LIBRARY = "libc++";
				CLANG_ENABLE_MODULES = YES;
				CLANG_ENABLE_OBJC_ARC = YES;
				CLANG_WARN_BOOL_CONVERSION = YES;
				CLANG_WARN_CONSTANT_CONVERSION = YES;
				CLANG_WARN_DIRECT_OBJC_ISA_USAGE = YES_ERROR;
				CLANG_WARN_EMPTY_BODY = YES;
				CLANG_WARN_ENUM_CONVERSION = YES;
				CLANG_WARN_INT_CONVERSION = YES;
				CLANG_WARN_OBJC_ROOT_CLASS = YES_ERROR;
				CLANG_WARN_UNREACHABLE_CODE = YES;
				CLANG_WARN__DUPLICATE_METHOD_MATCH = YES;
				"CODE_SIGN_IDENTITY[sdk=iphoneos*]" = "iPhone Developer";
				COPY_PHASE_STRIP = NO;
				ENABLE_STRICT_OBJC_MSGSEND = YES;
				GCC_C_LANGUAGE_STANDARD = gnu99;
				GCC_DYNAMIC_NO_PIC = NO;
				GCC_OPTIMIZATION_LEVEL = 0;
				GCC_PREPROCESSOR_DEFINITIONS = (
					"DEBUG=1",
					"$(inherited)",
				);
				GCC_SYMBOLS_PRIVATE_EXTERN = NO;
				GCC_WARN_64_TO_32_BIT_CONVERSION = YES;
				GCC_WARN_ABOUT_RETURN_TYPE = YES_ERROR;
				GCC_WARN_UNDECLARED_SELECTOR = YES;
				GCC_WARN_UNINITIALIZED_AUTOS = YES_AGGRESSIVE;
				GCC_WARN_UNUSED_FUNCTION = YES;
				GCC_WARN_UNUSED_VARIABLE = YES;
				IPHONEOS_DEPLOYMENT_TARGET = 8.1;
				MTL_ENABLE_DEBUG_INFO = YES;
				ONLY_ACTIVE_ARCH = YES;
				SDKROOT = iphoneos;
				SWIFT_OPTIMIZATION_LEVEL = "-Onone";
				TARGETED_DEVICE_FAMILY = "1,2";
			};
			name = Debug;
		};
		D00DFA8F1AA590970090FD50 /* Release */ = {
			isa = XCBuildConfiguration;
			buildSettings = {
				ALWAYS_SEARCH_USER_PATHS = NO;
				CLANG_CXX_LANGUAGE_STANDARD = "gnu++0x";
				CLANG_CXX_LIBRARY = "libc++";
				CLANG_ENABLE_MODULES = YES;
				CLANG_ENABLE_OBJC_ARC = YES;
				CLANG_WARN_BOOL_CONVERSION = YES;
				CLANG_WARN_CONSTANT_CONVERSION = YES;
				CLANG_WARN_DIRECT_OBJC_ISA_USAGE = YES_ERROR;
				CLANG_WARN_EMPTY_BODY = YES;
				CLANG_WARN_ENUM_CONVERSION = YES;
				CLANG_WARN_INT_CONVERSION = YES;
				CLANG_WARN_OBJC_ROOT_CLASS = YES_ERROR;
				CLANG_WARN_UNREACHABLE_CODE = YES;
				CLANG_WARN__DUPLICATE_METHOD_MATCH = YES;
				"CODE_SIGN_IDENTITY[sdk=iphoneos*]" = "iPhone Developer";
				COPY_PHASE_STRIP = YES;
				ENABLE_NS_ASSERTIONS = NO;
				ENABLE_STRICT_OBJC_MSGSEND = YES;
				GCC_C_LANGUAGE_STANDARD = gnu99;
				GCC_WARN_64_TO_32_BIT_CONVERSION = YES;
				GCC_WARN_ABOUT_RETURN_TYPE = YES_ERROR;
				GCC_WARN_UNDECLARED_SELECTOR = YES;
				GCC_WARN_UNINITIALIZED_AUTOS = YES_AGGRESSIVE;
				GCC_WARN_UNUSED_FUNCTION = YES;
				GCC_WARN_UNUSED_VARIABLE = YES;
				IPHONEOS_DEPLOYMENT_TARGET = 8.1;
				MTL_ENABLE_DEBUG_INFO = NO;
				SDKROOT = iphoneos;
				TARGETED_DEVICE_FAMILY = "1,2";
				VALIDATE_PRODUCT = YES;
			};
			name = Release;
		};
		D00DFA911AA590970090FD50 /* Debug */ = {
			isa = XCBuildConfiguration;
			buildSettings = {
				ASSETCATALOG_COMPILER_APPICON_NAME = AppIcon;
				INFOPLIST_FILE = AnxaGit/Info.plist;
				LD_RUNPATH_SEARCH_PATHS = "$(inherited) @executable_path/Frameworks";
				PRODUCT_NAME = "$(TARGET_NAME)";
			};
			name = Debug;
		};
		D00DFA921AA590970090FD50 /* Release */ = {
			isa = XCBuildConfiguration;
			buildSettings = {
				ASSETCATALOG_COMPILER_APPICON_NAME = AppIcon;
				INFOPLIST_FILE = AnxaGit/Info.plist;
				LD_RUNPATH_SEARCH_PATHS = "$(inherited) @executable_path/Frameworks";
				PRODUCT_NAME = "$(TARGET_NAME)";
			};
			name = Release;
		};
		D00DFA941AA590970090FD50 /* Debug */ = {
			isa = XCBuildConfiguration;
			buildSettings = {
				BUNDLE_LOADER = "$(TEST_HOST)";
				FRAMEWORK_SEARCH_PATHS = (
					"$(SDKROOT)/Developer/Library/Frameworks",
					"$(inherited)",
				);
				GCC_PREPROCESSOR_DEFINITIONS = (
					"DEBUG=1",
					"$(inherited)",
				);
				INFOPLIST_FILE = AnxaGitTests/Info.plist;
				LD_RUNPATH_SEARCH_PATHS = "$(inherited) @executable_path/Frameworks @loader_path/Frameworks";
				PRODUCT_NAME = "$(TARGET_NAME)";
				TEST_HOST = "$(BUILT_PRODUCTS_DIR)/AnxaGit.app/AnxaGit";
			};
			name = Debug;
		};
		D00DFA951AA590970090FD50 /* Release */ = {
			isa = XCBuildConfiguration;
			buildSettings = {
				BUNDLE_LOADER = "$(TEST_HOST)";
				FRAMEWORK_SEARCH_PATHS = (
					"$(SDKROOT)/Developer/Library/Frameworks",
					"$(inherited)",
				);
				INFOPLIST_FILE = AnxaGitTests/Info.plist;
				LD_RUNPATH_SEARCH_PATHS = "$(inherited) @executable_path/Frameworks @loader_path/Frameworks";
				PRODUCT_NAME = "$(TARGET_NAME)";
				TEST_HOST = "$(BUILT_PRODUCTS_DIR)/AnxaGit.app/AnxaGit";
			};
			name = Release;
		};
/* End XCBuildConfiguration section */

/* Begin XCConfigurationList section */
		D00DFA691AA590970090FD50 /* Build configuration list for PBXProject "AnxaGit" */ = {
			isa = XCConfigurationList;
			buildConfigurations = (
				D00DFA8E1AA590970090FD50 /* Debug */,
				D00DFA8F1AA590970090FD50 /* Release */,
			);
			defaultConfigurationIsVisible = 0;
			defaultConfigurationName = Release;
		};
		D00DFA901AA590970090FD50 /* Build configuration list for PBXNativeTarget "AnxaGit" */ = {
			isa = XCConfigurationList;
			buildConfigurations = (
				D00DFA911AA590970090FD50 /* Debug */,
				D00DFA921AA590970090FD50 /* Release */,
			);
			defaultConfigurationIsVisible = 0;
		};
		D00DFA931AA590970090FD50 /* Build configuration list for PBXNativeTarget "AnxaGitTests" */ = {
			isa = XCConfigurationList;
			buildConfigurations = (
				D00DFA941AA590970090FD50 /* Debug */,
				D00DFA951AA590970090FD50 /* Release */,
			);
			defaultConfigurationIsVisible = 0;
		};
/* End XCConfigurationList section */

/* Begin XCVersionGroup section */
		D00DFA751AA590970090FD50 /* AnxaGit.xcdatamodeld */ = {
			isa = XCVersionGroup;
			children = (
				D00DFA761AA590970090FD50 /* AnxaGit.xcdatamodel */,
			);
			currentVersion = D00DFA761AA590970090FD50 /* AnxaGit.xcdatamodel */;
			path = AnxaGit.xcdatamodeld;
			sourceTree = "<group>";
			versionGroupType = wrapper.xcdatamodel;
		};
/* End XCVersionGroup section */
	};
	rootObject = D00DFA661AA590970090FD50 /* Project object */;
}
